
Microsoft Visual Studio Solution File, Format Version 12.00
# Visual Studio Version 16
VisualStudioVersion = 16.0.30225.117
MinimumVisualStudioVersion = 10.0.40219.1
Project("{9A19103F-16F7-4668-BE54-9A1E7A4F7556}") = "DAO", "API_capacitacion\DAO.csproj", "{6823F9A1-301A-4289-B3ED-99ED4DFC6B91}"
EndProject
Project("{FAE04EC0-301F-11D3-BF4B-00C04F79EFBC}") = "Controllers", "DataBaseAccess\Controllers.csproj", "{6EED5D56-BAEE-4B5A-B11C-0D5DDB5237F1}"
EndProject
Project("{FAE04EC0-301F-11D3-BF4B-00C04F79EFBC}") = "Entities", "Entities\Entities.csproj", "{50A242B1-E98E-45EC-B474-786734C8FBAF}"
EndProject
Global
	GlobalSection(SolutionConfigurationPlatforms) = preSolution
		Debug|Any CPU = Debug|Any CPU
		Release|Any CPU = Release|Any CPU
	EndGlobalSection
	GlobalSection(ProjectConfigurationPlatforms) = postSolution
		{6823F9A1-301A-4289-B3ED-99ED4DFC6B91}.Debug|Any CPU.ActiveCfg = Debug|Any CPU
		{6823F9A1-301A-4289-B3ED-99ED4DFC6B91}.Debug|Any CPU.Build.0 = Debug|Any CPU
		{6823F9A1-301A-4289-B3ED-99ED4DFC6B91}.Release|Any CPU.ActiveCfg = Release|Any CPU
		{6823F9A1-301A-4289-B3ED-99ED4DFC6B91}.Release|Any CPU.Build.0 = Release|Any CPU
		{6EED5D56-BAEE-4B5A-B11C-0D5DDB5237F1}.Debug|Any CPU.ActiveCfg = Debug|Any CPU
		{6EED5D56-BAEE-4B5A-B11C-0D5DDB5237F1}.Debug|Any CPU.Build.0 = Debug|Any CPU
		{6EED5D56-BAEE-4B5A-B11C-0D5DDB5237F1}.Release|Any CPU.ActiveCfg = Release|Any CPU
		{6EED5D56-BAEE-4B5A-B11C-0D5DDB5237F1}.Release|Any CPU.Build.0 = Release|Any CPU
		{50A242B1-E98E-45EC-B474-786734C8FBAF}.Debug|Any CPU.ActiveCfg = Debug|Any CPU
		{50A242B1-E98E-45EC-B474-786734C8FBAF}.Debug|Any CPU.Build.0 = Debug|Any CPU
		{50A242B1-E98E-45EC-B474-786734C8FBAF}.Release|Any CPU.ActiveCfg = Release|Any CPU
		{50A242B1-E98E-45EC-B474-786734C8FBAF}.Release|Any CPU.Build.0 = Release|Any CPU
	EndGlobalSection
	GlobalSection(SolutionProperties) = preSolution
		HideSolutionNode = FALSE
	EndGlobalSection
	GlobalSection(ExtensibilityGlobals) = postSolution
		SolutionGuid = {63DB0E6F-CE2F-4C86-B46B-36C830CCFB5B}
	EndGlobalSection
EndGlobal
